
Microsoft Visual Studio Solution File, Format Version 12.00
# Visual Studio Version 17
VisualStudioVersion = 17.10.35004.147
MinimumVisualStudioVersion = 10.0.40219.1
Project("{8BC9CEB8-8B4A-11D0-8D11-00A0C91BC942}") = "one_notepad", "Source\OneNotepad\one_notepad.vcxproj", "{CD1B87A7-92D8-458F-AEB0-44BF83C5AA58}"
	ProjectSection(ProjectDependencies) = postProject
		{17A42067-72A0-3744-AFE2-2BB90FB270F4} = {17A42067-72A0-3744-AFE2-2BB90FB270F4}
		{98A170AF-7524-3C05-9A5C-3B1F6155CD1C} = {98A170AF-7524-3C05-9A5C-3B1F6155CD1C}
	EndProjectSection
EndProject
Project("{8BC9CEB8-8B4A-11D0-8D11-00A0C91BC942}") = "ScintillaEdit", "Source\Scintilla\qt\ScintillaEdit\ScintillaEdit.vcxproj", "{98A170AF-7524-3C05-9A5C-3B1F6155CD1C}"
EndProject
Project("{8BC9CEB8-8B4A-11D0-8D11-00A0C91BC942}") = "Lexilla", "Source\lexilla\src\Lexilla.vcxproj", "{17A42067-72A0-3744-AFE2-2BB90FB270F4}"
EndProject
Global
	GlobalSection(SolutionConfigurationPlatforms) = preSolution
		Debug|x64 = Debug|x64
		Debug|x86 = Debug|x86
		Release|x64 = Release|x64
		Release|x86 = Release|x86
	EndGlobalSection
	GlobalSection(ProjectConfigurationPlatforms) = postSolution
		{CD1B87A7-92D8-458F-AEB0-44BF83C5AA58}.Debug|x64.ActiveCfg = Debug|x64
		{CD1B87A7-92D8-458F-AEB0-44BF83C5AA58}.Debug|x64.Build.0 = Debug|x64
		{CD1B87A7-92D8-458F-AEB0-44BF83C5AA58}.Debug|x86.ActiveCfg = Debug|x64
		{CD1B87A7-92D8-458F-AEB0-44BF83C5AA58}.Debug|x86.Build.0 = Debug|x64
		{CD1B87A7-92D8-458F-AEB0-44BF83C5AA58}.Release|x64.ActiveCfg = Release|x64
		{CD1B87A7-92D8-458F-AEB0-44BF83C5AA58}.Release|x64.Build.0 = Release|x64
		{CD1B87A7-92D8-458F-AEB0-44BF83C5AA58}.Release|x86.ActiveCfg = Release|x64
		{CD1B87A7-92D8-458F-AEB0-44BF83C5AA58}.Release|x86.Build.0 = Release|x64
		{98A170AF-7524-3C05-9A5C-3B1F6155CD1C}.Debug|x64.ActiveCfg = Debug|x64
		{98A170AF-7524-3C05-9A5C-3B1F6155CD1C}.Debug|x64.Build.0 = Debug|x64
		{98A170AF-7524-3C05-9A5C-3B1F6155CD1C}.Debug|x86.ActiveCfg = Debug|x64
		{98A170AF-7524-3C05-9A5C-3B1F6155CD1C}.Debug|x86.Build.0 = Debug|x64
		{98A170AF-7524-3C05-9A5C-3B1F6155CD1C}.Release|x64.ActiveCfg = Release|x64
		{98A170AF-7524-3C05-9A5C-3B1F6155CD1C}.Release|x64.Build.0 = Release|x64
		{98A170AF-7524-3C05-9A5C-3B1F6155CD1C}.Release|x86.ActiveCfg = Release|x64
		{98A170AF-7524-3C05-9A5C-3B1F6155CD1C}.Release|x86.Build.0 = Release|x64
		{17A42067-72A0-3744-AFE2-2BB90FB270F4}.Debug|x64.ActiveCfg = Debug|x64
		{17A42067-72A0-3744-AFE2-2BB90FB270F4}.Debug|x64.Build.0 = Debug|x64
		{17A42067-72A0-3744-AFE2-2BB90FB270F4}.Debug|x86.ActiveCfg = Debug|x64
		{17A42067-72A0-3744-AFE2-2BB90FB270F4}.Debug|x86.Build.0 = Debug|x64
		{17A42067-72A0-3744-AFE2-2BB90FB270F4}.Release|x64.ActiveCfg = Release|x64
		{17A42067-72A0-3744-AFE2-2BB90FB270F4}.Release|x64.Build.0 = Release|x64
		{17A42067-72A0-3744-AFE2-2BB90FB270F4}.Release|x86.ActiveCfg = Release|x64
		{17A42067-72A0-3744-AFE2-2BB90FB270F4}.Release|x86.Build.0 = Release|x64
	EndGlobalSection
	GlobalSection(SolutionProperties) = preSolution
		HideSolutionNode = FALSE
	EndGlobalSection
	GlobalSection(ExtensibilityGlobals) = postSolution
		SolutionGuid = {C6E21E5B-509F-4A36-A425-93C5B8F83E33}
	EndGlobalSection
EndGlobal
